
Microsoft Visual Studio Solution File, Format Version 12.00
# Visual Studio Version 17
VisualStudioVersion = 17.9.34728.123
MinimumVisualStudioVersion = 10.0.40219.1
Project("{9A19103F-16F7-4668-BE54-9A1E7A4F7556}") = "Capital", "Capital\Capital.csproj", "{7D587C8A-D82A-4A26-96FD-FFFB39DB8C5B}"
	ProjectSection(ProjectDependencies) = postProject
		{5638343F-3BB7-4EB6-A3BD-E2C30B229E1C} = {5638343F-3BB7-4EB6-A3BD-E2C30B229E1C}
		{5CE85620-BB64-428C-84D5-25E5CF8D41AE} = {5CE85620-BB64-428C-84D5-25E5CF8D41AE}
	EndProjectSection
EndProject
Project("{9A19103F-16F7-4668-BE54-9A1E7A4F7556}") = "Common", "..\Auction\Capital\Common\Common.csproj", "{5638343F-3BB7-4EB6-A3BD-E2C30B229E1C}"
EndProject
Project("{9A19103F-16F7-4668-BE54-9A1E7A4F7556}") = "Core", "..\Auction\Capital\Core\Core.csproj", "{5CE85620-BB64-428C-84D5-25E5CF8D41AE}"
EndProject
Project("{9A19103F-16F7-4668-BE54-9A1E7A4F7556}") = "Infrastructure", "..\Auction\Capital\Infrastructure\Infrastructure.csproj", "{231F88FB-D764-42CA-82E9-902A928F4CFA}"
	ProjectSection(ProjectDependencies) = postProject
		{5638343F-3BB7-4EB6-A3BD-E2C30B229E1C} = {5638343F-3BB7-4EB6-A3BD-E2C30B229E1C}
	EndProjectSection
EndProject
Global
	GlobalSection(SolutionConfigurationPlatforms) = preSolution
		Debug|Any CPU = Debug|Any CPU
		Release|Any CPU = Release|Any CPU
	EndGlobalSection
	GlobalSection(ProjectConfigurationPlatforms) = postSolution
		{7D587C8A-D82A-4A26-96FD-FFFB39DB8C5B}.Debug|Any CPU.ActiveCfg = Debug|Any CPU
		{7D587C8A-D82A-4A26-96FD-FFFB39DB8C5B}.Debug|Any CPU.Build.0 = Debug|Any CPU
		{7D587C8A-D82A-4A26-96FD-FFFB39DB8C5B}.Release|Any CPU.ActiveCfg = Release|Any CPU
		{7D587C8A-D82A-4A26-96FD-FFFB39DB8C5B}.Release|Any CPU.Build.0 = Release|Any CPU
		{5638343F-3BB7-4EB6-A3BD-E2C30B229E1C}.Debug|Any CPU.ActiveCfg = Debug|Any CPU
		{5638343F-3BB7-4EB6-A3BD-E2C30B229E1C}.Debug|Any CPU.Build.0 = Debug|Any CPU
		{5638343F-3BB7-4EB6-A3BD-E2C30B229E1C}.Release|Any CPU.ActiveCfg = Release|Any CPU
		{5638343F-3BB7-4EB6-A3BD-E2C30B229E1C}.Release|Any CPU.Build.0 = Release|Any CPU
		{5CE85620-BB64-428C-84D5-25E5CF8D41AE}.Debug|Any CPU.ActiveCfg = Debug|Any CPU
		{5CE85620-BB64-428C-84D5-25E5CF8D41AE}.Debug|Any CPU.Build.0 = Debug|Any CPU
		{5CE85620-BB64-428C-84D5-25E5CF8D41AE}.Release|Any CPU.ActiveCfg = Release|Any CPU
		{5CE85620-BB64-428C-84D5-25E5CF8D41AE}.Release|Any CPU.Build.0 = Release|Any CPU
		{231F88FB-D764-42CA-82E9-902A928F4CFA}.Debug|Any CPU.ActiveCfg = Debug|Any CPU
		{231F88FB-D764-42CA-82E9-902A928F4CFA}.Debug|Any CPU.Build.0 = Debug|Any CPU
		{231F88FB-D764-42CA-82E9-902A928F4CFA}.Release|Any CPU.ActiveCfg = Release|Any CPU
		{231F88FB-D764-42CA-82E9-902A928F4CFA}.Release|Any CPU.Build.0 = Release|Any CPU
	EndGlobalSection
	GlobalSection(SolutionProperties) = preSolution
		HideSolutionNode = FALSE
	EndGlobalSection
	GlobalSection(ExtensibilityGlobals) = postSolution
		SolutionGuid = {48D48276-1280-4C33-9CAB-0FD925CE5299}
	EndGlobalSection
EndGlobal
